
Microsoft Visual Studio Solution File, Format Version 12.00
# Visual Studio Version 17
VisualStudioVersion = 17.5.33627.172
MinimumVisualStudioVersion = 10.0.40219.1
Project("{2150E333-8FDC-42A3-9474-1A3956D46DE8}") = "src", "src", "{B264CC77-CBB2-4300-869E-8464707DF4DD}"
EndProject
Project("{FAE04EC0-301F-11D3-BF4B-00C04F79EFBC}") = "UnitTesting.Demo.Library", "UnitTesting.Demo.Library\UnitTesting.Demo.Library.csproj", "{77100F40-EEA6-4714-AC16-75DDF4DD324F}"
EndProject
Global
	GlobalSection(SolutionConfigurationPlatforms) = preSolution
		Debug|Any CPU = Debug|Any CPU
		Release|Any CPU = Release|Any CPU
	EndGlobalSection
	GlobalSection(ProjectConfigurationPlatforms) = postSolution
		{77100F40-EEA6-4714-AC16-75DDF4DD324F}.Debug|Any CPU.ActiveCfg = Debug|Any CPU
		{77100F40-EEA6-4714-AC16-75DDF4DD324F}.Debug|Any CPU.Build.0 = Debug|Any CPU
		{77100F40-EEA6-4714-AC16-75DDF4DD324F}.Release|Any CPU.ActiveCfg = Release|Any CPU
		{77100F40-EEA6-4714-AC16-75DDF4DD324F}.Release|Any CPU.Build.0 = Release|Any CPU
	EndGlobalSection
	GlobalSection(SolutionProperties) = preSolution
		HideSolutionNode = FALSE
	EndGlobalSection
	GlobalSection(NestedProjects) = preSolution
		{77100F40-EEA6-4714-AC16-75DDF4DD324F} = {B264CC77-CBB2-4300-869E-8464707DF4DD}
	EndGlobalSection
	GlobalSection(ExtensibilityGlobals) = postSolution
		SolutionGuid = {E3E56A5B-9B89-47F5-960C-7D3202F501DF}
	EndGlobalSection
EndGlobal
